
Microsoft Visual Studio Solution File, Format Version 12.00
# Visual Studio Version 17
VisualStudioVersion = 17.5.002.0
MinimumVisualStudioVersion = 10.0.40219.1
Project("{9A19103F-16F7-4668-BE54-9A1E7A4F7556}") = "Squid", "Squid.csproj", "{11E1203E-1050-4D2E-B19C-AE991C837029}"
EndProject
Global
	GlobalSection(SolutionConfigurationPlatforms) = preSolution
		Debug|Any CPU = Debug|Any CPU
		Release|Any CPU = Release|Any CPU
	EndGlobalSection
	GlobalSection(ProjectConfigurationPlatforms) = postSolution
		{11E1203E-1050-4D2E-B19C-AE991C837029}.Debug|Any CPU.ActiveCfg = Debug|Any CPU
		{11E1203E-1050-4D2E-B19C-AE991C837029}.Debug|Any CPU.Build.0 = Debug|Any CPU
		{11E1203E-1050-4D2E-B19C-AE991C837029}.Release|Any CPU.ActiveCfg = Release|Any CPU
		{11E1203E-1050-4D2E-B19C-AE991C837029}.Release|Any CPU.Build.0 = Release|Any CPU
	EndGlobalSection
	GlobalSection(SolutionProperties) = preSolution
		HideSolutionNode = FALSE
	EndGlobalSection
	GlobalSection(ExtensibilityGlobals) = postSolution
		SolutionGuid = {FACE5AD9-68FB-4729-8D58-0DF7DA4E8AA4}
	EndGlobalSection
EndGlobal
